// !$*UTF8*$!
{
	archiveVersion = 1;
	classes = {
	};
	objectVersion = 46;
	objects = {

/* Begin PBXBuildFile section */
		C811378D1D2C4B6B0075CDED /* r1-corales.json in Resources */ = {isa = PBXBuildFile; fileRef = C811378C1D2C4B6B0075CDED /* r1-corales.json */; };
		C811378F1D2C4CE30075CDED /* r1-ranchoviejo.json in Resources */ = {isa = PBXBuildFile; fileRef = C811378E1D2C4CE30075CDED /* r1-ranchoviejo.json */; };
		C87022AC1D2DB6500036851A /* r2-paseos-kabah.json in Resources */ = {isa = PBXBuildFile; fileRef = C87022AB1D2DB6500036851A /* r2-paseos-kabah.json */; };
		C880FAA91D2C2BB00032366A /* r1-parque-rehoyada.json in Resources */ = {isa = PBXBuildFile; fileRef = C880FAA81D2C2BB00032366A /* r1-parque-rehoyada.json */; };
		C89B255A1D31A0A0003E0BB2 /* r237-domos.json in Resources */ = {isa = PBXBuildFile; fileRef = C89B253C1D31A0A0003E0BB2 /* r237-domos.json */; };
		C89B255B1D31A0A0003E0BB2 /* r97-99-las-torres-tulum-itzales-kiwii.json in Resources */ = {isa = PBXBuildFile; fileRef = C89B253D1D31A0A0003E0BB2 /* r97-99-las-torres-tulum-itzales-kiwii.json */; };
		C89B255C1D31A0A0003E0BB2 /* r46-chedraui-villas-del-mar.json in Resources */ = {isa = PBXBuildFile; fileRef = C89B253E1D31A0A0003E0BB2 /* r46-chedraui-villas-del-mar.json */; };
		C89B255D1D31A0A0003E0BB2 /* r45-guadalupana-peten-lagos.json in Resources */ = {isa = PBXBuildFile; fileRef = C89B253F1D31A0A0003E0BB2 /* r45-guadalupana-peten-lagos.json */; };
		C89B255E1D31A0A0003E0BB2 /* r44-prado-norte-nichupte.json in Resources */ = {isa = PBXBuildFile; fileRef = C89B25401D31A0A0003E0BB2 /* r44-prado-norte-nichupte.json */; };
		C89B255F1D31A0A0003E0BB2 /* r43-paraiso-maya.json in Resources */ = {isa = PBXBuildFile; fileRef = C89B25411D31A0A0003E0BB2 /* r43-paraiso-maya.json */; };
		C89B25601D31A0A0003E0BB2 /* r42-vista-real-portillo-kabah.json in Resources */ = {isa = PBXBuildFile; fileRef = C89B25421D31A0A0003E0BB2 /* r42-vista-real-portillo-kabah.json */; };
		C89B25611D31A0A0003E0BB2 /* r41-palmas.json in Resources */ = {isa = PBXBuildFile; fileRef = C89B25431D31A0A0003E0BB2 /* r41-palmas.json */; };
		C89B25621D31A0A0003E0BB2 /* r39-foraneos.json in Resources */ = {isa = PBXBuildFile; fileRef = C89B25441D31A0A0003E0BB2 /* r39-foraneos.json */; };
		C89B25631D31A0A0003E0BB2 /* r34-corales-mega-comercial-kabah.json in Resources */ = {isa = PBXBuildFile; fileRef = C89B25451D31A0A0003E0BB2 /* r34-corales-mega-comercial-kabah.json */; };
		C89B25641D31A0A0003E0BB2 /* r32-villas-otoch-portillo.json in Resources */ = {isa = PBXBuildFile; fileRef = C89B25461D31A0A0003E0BB2 /* r32-villas-otoch-portillo.json */; };
		C89B25651D31A0A0003E0BB2 /* r30-villas-real-tulum.json in Resources */ = {isa = PBXBuildFile; fileRef = C89B25471D31A0A0003E0BB2 /* r30-villas-real-tulum.json */; };
		C89B25661D31A0A0003E0BB2 /* r28-villas-otoch-tulum.json in Resources */ = {isa = PBXBuildFile; fileRef = C89B25481D31A0A0003E0BB2 /* r28-villas-otoch-tulum.json */; };
		C89B25671D31A0A0003E0BB2 /* r27-villas-del-caribe.json in Resources */ = {isa = PBXBuildFile; fileRef = C89B25491D31A0A0003E0BB2 /* r27-villas-del-caribe.json */; };
		C89B25681D31A0A0003E0BB2 /* r21-kabah-tecnologico-ninos-heroes.json in Resources */ = {isa = PBXBuildFile; fileRef = C89B254A1D31A0A0003E0BB2 /* r21-kabah-tecnologico-ninos-heroes.json */; };
		C89B25691D31A0A0003E0BB2 /* r20-talleres.json in Resources */ = {isa = PBXBuildFile; fileRef = C89B254B1D31A0A0003E0BB2 /* r20-talleres.json */; };
		C89B256A1D31A0A0003E0BB2 /* r18-nino-heroes-tulum.json in Resources */ = {isa = PBXBuildFile; fileRef = C89B254C1D31A0A0003E0BB2 /* r18-nino-heroes-tulum.json */; };
		C89B256B1D31A0A0003E0BB2 /* r16-leona-vicario-palmas.json in Resources */ = {isa = PBXBuildFile; fileRef = C89B254D1D31A0A0003E0BB2 /* r16-leona-vicario-palmas.json */; };
		C89B256C1D31A0A0003E0BB2 /* r16-leona-vicario-la-guadalupana.json in Resources */ = {isa = PBXBuildFile; fileRef = C89B254E1D31A0A0003E0BB2 /* r16-leona-vicario-la-guadalupana.json */; };
		C89B256D1D31A0A0003E0BB2 /* r15-zonahotelera-95-96.json in Resources */ = {isa = PBXBuildFile; fileRef = C89B254F1D31A0A0003E0BB2 /* r15-zonahotelera-95-96.json */; };
		C89B256E1D31A0A0003E0BB2 /* r15-chichenitza.json in Resources */ = {isa = PBXBuildFile; fileRef = C89B25501D31A0A0003E0BB2 /* r15-chichenitza.json */; };
		C89B256F1D31A0A0003E0BB2 /* r14-tres-reyes-rehoyada-crucero.json in Resources */ = {isa = PBXBuildFile; fileRef = C89B25511D31A0A0003E0BB2 /* r14-tres-reyes-rehoyada-crucero.json */; };
		C89B25701D31A0A0003E0BB2 /* r14-tres-reyes-plaza-las-americas.json in Resources */ = {isa = PBXBuildFile; fileRef = C89B25521D31A0A0003E0BB2 /* r14-tres-reyes-plaza-las-americas.json */; };
		C89B25711D31A0A0003E0BB2 /* r14-haciendas-del-caribe.json in Resources */ = {isa = PBXBuildFile; fileRef = C89B25531D31A0A0003E0BB2 /* r14-haciendas-del-caribe.json */; };
		C89B25721D31A0A0003E0BB2 /* r12-cecyte.json in Resources */ = {isa = PBXBuildFile; fileRef = C89B25541D31A0A0003E0BB2 /* r12-cecyte.json */; };
		C89B25731D31A0A0003E0BB2 /* r11-corales-tecnologico.json in Resources */ = {isa = PBXBuildFile; fileRef = C89B25551D31A0A0003E0BB2 /* r11-corales-tecnologico.json */; };
		C89B25741D31A0A0003E0BB2 /* r6-lombardo-510-jacinto-pat-lombardo.json in Resources */ = {isa = PBXBuildFile; fileRef = C89B25561D31A0A0003E0BB2 /* r6-lombardo-510-jacinto-pat-lombardo.json */; };
		C89B25751D31A0A0003E0BB2 /* r5-miguel-hidalgo.json in Resources */ = {isa = PBXBuildFile; fileRef = C89B25571D31A0A0003E0BB2 /* r5-miguel-hidalgo.json */; };
		C89B25761D31A0A0003E0BB2 /* r4-tierra-maya.json in Resources */ = {isa = PBXBuildFile; fileRef = C89B25581D31A0A0003E0BB2 /* r4-tierra-maya.json */; };
		C89B25771D31A0A0003E0BB2 /* r2-villas-otoch.json in Resources */ = {isa = PBXBuildFile; fileRef = C89B25591D31A0A0003E0BB2 /* r2-villas-otoch.json */; };
		C89B25791D31D897003E0BB2 /* rutas.json in Resources */ = {isa = PBXBuildFile; fileRef = C89B25781D31D897003E0BB2 /* rutas.json */; };
		C89B257B1D31EA18003E0BB2 /* SelectRoutesTableViewController.swift in Sources */ = {isa = PBXBuildFile; fileRef = C89B257A1D31EA18003E0BB2 /* SelectRoutesTableViewController.swift */; };
		C89B257D1D31EB35003E0BB2 /* SelectRouteTableViewCell.swift in Sources */ = {isa = PBXBuildFile; fileRef = C89B257C1D31EB35003E0BB2 /* SelectRouteTableViewCell.swift */; };
		C89B257F1D320BAE003E0BB2 /* RadioButton.swift in Sources */ = {isa = PBXBuildFile; fileRef = C89B257E1D320BAE003E0BB2 /* RadioButton.swift */; };
		C89C4ABE1D2AD7A00051D6B2 /* AppDelegate.swift in Sources */ = {isa = PBXBuildFile; fileRef = C89C4ABD1D2AD7A00051D6B2 /* AppDelegate.swift */; };
		C89C4AC01D2AD7A00051D6B2 /* ViewController.swift in Sources */ = {isa = PBXBuildFile; fileRef = C89C4ABF1D2AD7A00051D6B2 /* ViewController.swift */; };
		C89C4AC31D2AD7A00051D6B2 /* Main.storyboard in Resources */ = {isa = PBXBuildFile; fileRef = C89C4AC11D2AD7A00051D6B2 /* Main.storyboard */; };
		C89C4AC51D2AD7A00051D6B2 /* Assets.xcassets in Resources */ = {isa = PBXBuildFile; fileRef = C89C4AC41D2AD7A00051D6B2 /* Assets.xcassets */; };
		C89C4AC81D2AD7A00051D6B2 /* LaunchScreen.storyboard in Resources */ = {isa = PBXBuildFile; fileRef = C89C4AC61D2AD7A00051D6B2 /* LaunchScreen.storyboard */; };
		C89CC7EB1D34960600419ACD /* WalkThroughViewController.swift in Sources */ = {isa = PBXBuildFile; fileRef = C89CC7EA1D34960600419ACD /* WalkThroughViewController.swift */; };
		C89CC7ED1D3496FA00419ACD /* WalkthroughPageViewController.swift in Sources */ = {isa = PBXBuildFile; fileRef = C89CC7EC1D3496FA00419ACD /* WalkthroughPageViewController.swift */; };
		FF12ED6E055AF2E9D480DD58 /* Pods_CunRoutes.framework in Frameworks */ = {isa = PBXBuildFile; fileRef = 75B7D517F7783ED6A109EBB3 /* Pods_CunRoutes.framework */; };
/* End PBXBuildFile section */

/* Begin PBXFileReference section */
		061509A97BA4D2ED7BEA4F3E /* Pods-CunRoutes.debug.xcconfig */ = {isa = PBXFileReference; includeInIndex = 1; lastKnownFileType = text.xcconfig; name = "Pods-CunRoutes.debug.xcconfig"; path = "Pods/Target Support Files/Pods-CunRoutes/Pods-CunRoutes.debug.xcconfig"; sourceTree = "<group>"; };
		48451E81507688DF38A9834B /* Pods-CunRoutes.release.xcconfig */ = {isa = PBXFileReference; includeInIndex = 1; lastKnownFileType = text.xcconfig; name = "Pods-CunRoutes.release.xcconfig"; path = "Pods/Target Support Files/Pods-CunRoutes/Pods-CunRoutes.release.xcconfig"; sourceTree = "<group>"; };
		75B7D517F7783ED6A109EBB3 /* Pods_CunRoutes.framework */ = {isa = PBXFileReference; explicitFileType = wrapper.framework; includeInIndex = 0; path = Pods_CunRoutes.framework; sourceTree = BUILT_PRODUCTS_DIR; };
		C811378C1D2C4B6B0075CDED /* r1-corales.json */ = {isa = PBXFileReference; fileEncoding = 4; lastKnownFileType = text.json; path = "r1-corales.json"; sourceTree = "<group>"; };
		C811378E1D2C4CE30075CDED /* r1-ranchoviejo.json */ = {isa = PBXFileReference; fileEncoding = 4; lastKnownFileType = text.json; path = "r1-ranchoviejo.json"; sourceTree = "<group>"; };
		C87022AB1D2DB6500036851A /* r2-paseos-kabah.json */ = {isa = PBXFileReference; fileEncoding = 4; lastKnownFileType = text.json; path = "r2-paseos-kabah.json"; sourceTree = "<group>"; };
		C880FAA81D2C2BB00032366A /* r1-parque-rehoyada.json */ = {isa = PBXFileReference; fileEncoding = 4; lastKnownFileType = text.json; path = "r1-parque-rehoyada.json"; sourceTree = "<group>"; };
		C89B253C1D31A0A0003E0BB2 /* r237-domos.json */ = {isa = PBXFileReference; fileEncoding = 4; lastKnownFileType = text.json; path = "r237-domos.json"; sourceTree = "<group>"; };
		C89B253D1D31A0A0003E0BB2 /* r97-99-las-torres-tulum-itzales-kiwii.json */ = {isa = PBXFileReference; fileEncoding = 4; lastKnownFileType = text.json; path = "r97-99-las-torres-tulum-itzales-kiwii.json"; sourceTree = "<group>"; };
		C89B253E1D31A0A0003E0BB2 /* r46-chedraui-villas-del-mar.json */ = {isa = PBXFileReference; fileEncoding = 4; lastKnownFileType = text.json; path = "r46-chedraui-villas-del-mar.json"; sourceTree = "<group>"; };
		C89B253F1D31A0A0003E0BB2 /* r45-guadalupana-peten-lagos.json */ = {isa = PBXFileReference; fileEncoding = 4; lastKnownFileType = text.json; path = "r45-guadalupana-peten-lagos.json"; sourceTree = "<group>"; };
		C89B25401D31A0A0003E0BB2 /* r44-prado-norte-nichupte.json */ = {isa = PBXFileReference; fileEncoding = 4; lastKnownFileType = text.json; path = "r44-prado-norte-nichupte.json"; sourceTree = "<group>"; };
		C89B25411D31A0A0003E0BB2 /* r43-paraiso-maya.json */ = {isa = PBXFileReference; fileEncoding = 4; lastKnownFileType = text.json; path = "r43-paraiso-maya.json"; sourceTree = "<group>"; };
		C89B25421D31A0A0003E0BB2 /* r42-vista-real-portillo-kabah.json */ = {isa = PBXFileReference; fileEncoding = 4; lastKnownFileType = text.json; path = "r42-vista-real-portillo-kabah.json"; sourceTree = "<group>"; };
		C89B25431D31A0A0003E0BB2 /* r41-palmas.json */ = {isa = PBXFileReference; fileEncoding = 4; lastKnownFileType = text.json; path = "r41-palmas.json"; sourceTree = "<group>"; };
		C89B25441D31A0A0003E0BB2 /* r39-foraneos.json */ = {isa = PBXFileReference; fileEncoding = 4; lastKnownFileType = text.json; path = "r39-foraneos.json"; sourceTree = "<group>"; };
		C89B25451D31A0A0003E0BB2 /* r34-corales-mega-comercial-kabah.json */ = {isa = PBXFileReference; fileEncoding = 4; lastKnownFileType = text.json; path = "r34-corales-mega-comercial-kabah.json"; sourceTree = "<group>"; };
		C89B25461D31A0A0003E0BB2 /* r32-villas-otoch-portillo.json */ = {isa = PBXFileReference; fileEncoding = 4; lastKnownFileType = text.json; path = "r32-villas-otoch-portillo.json"; sourceTree = "<group>"; };
		C89B25471D31A0A0003E0BB2 /* r30-villas-real-tulum.json */ = {isa = PBXFileReference; fileEncoding = 4; lastKnownFileType = text.json; path = "r30-villas-real-tulum.json"; sourceTree = "<group>"; };
		C89B25481D31A0A0003E0BB2 /* r28-villas-otoch-tulum.json */ = {isa = PBXFileReference; fileEncoding = 4; lastKnownFileType = text.json; path = "r28-villas-otoch-tulum.json"; sourceTree = "<group>"; };
		C89B25491D31A0A0003E0BB2 /* r27-villas-del-caribe.json */ = {isa = PBXFileReference; fileEncoding = 4; lastKnownFileType = text.json; path = "r27-villas-del-caribe.json"; sourceTree = "<group>"; };
		C89B254A1D31A0A0003E0BB2 /* r21-kabah-tecnologico-ninos-heroes.json */ = {isa = PBXFileReference; fileEncoding = 4; lastKnownFileType = text.json; path = "r21-kabah-tecnologico-ninos-heroes.json"; sourceTree = "<group>"; };
		C89B254B1D31A0A0003E0BB2 /* r20-talleres.json */ = {isa = PBXFileReference; fileEncoding = 4; lastKnownFileType = text.json; path = "r20-talleres.json"; sourceTree = "<group>"; };
		C89B254C1D31A0A0003E0BB2 /* r18-nino-heroes-tulum.json */ = {isa = PBXFileReference; fileEncoding = 4; lastKnownFileType = text.json; path = "r18-nino-heroes-tulum.json"; sourceTree = "<group>"; };
		C89B254D1D31A0A0003E0BB2 /* r16-leona-vicario-palmas.json */ = {isa = PBXFileReference; fileEncoding = 4; lastKnownFileType = text.json; path = "r16-leona-vicario-palmas.json"; sourceTree = "<group>"; };
		C89B254E1D31A0A0003E0BB2 /* r16-leona-vicario-la-guadalupana.json */ = {isa = PBXFileReference; fileEncoding = 4; lastKnownFileType = text.json; path = "r16-leona-vicario-la-guadalupana.json"; sourceTree = "<group>"; };
		C89B254F1D31A0A0003E0BB2 /* r15-zonahotelera-95-96.json */ = {isa = PBXFileReference; fileEncoding = 4; lastKnownFileType = text.json; path = "r15-zonahotelera-95-96.json"; sourceTree = "<group>"; };
		C89B25501D31A0A0003E0BB2 /* r15-chichenitza.json */ = {isa = PBXFileReference; fileEncoding = 4; lastKnownFileType = text.json; path = "r15-chichenitza.json"; sourceTree = "<group>"; };
		C89B25511D31A0A0003E0BB2 /* r14-tres-reyes-rehoyada-crucero.json */ = {isa = PBXFileReference; fileEncoding = 4; lastKnownFileType = text.json; path = "r14-tres-reyes-rehoyada-crucero.json"; sourceTree = "<group>"; };
		C89B25521D31A0A0003E0BB2 /* r14-tres-reyes-plaza-las-americas.json */ = {isa = PBXFileReference; fileEncoding = 4; lastKnownFileType = text.json; path = "r14-tres-reyes-plaza-las-americas.json"; sourceTree = "<group>"; };
		C89B25531D31A0A0003E0BB2 /* r14-haciendas-del-caribe.json */ = {isa = PBXFileReference; fileEncoding = 4; lastKnownFileType = text.json; path = "r14-haciendas-del-caribe.json"; sourceTree = "<group>"; };
		C89B25541D31A0A0003E0BB2 /* r12-cecyte.json */ = {isa = PBXFileReference; fileEncoding = 4; lastKnownFileType = text.json; path = "r12-cecyte.json"; sourceTree = "<group>"; };
		C89B25551D31A0A0003E0BB2 /* r11-corales-tecnologico.json */ = {isa = PBXFileReference; fileEncoding = 4; lastKnownFileType = text.json; path = "r11-corales-tecnologico.json"; sourceTree = "<group>"; };
		C89B25561D31A0A0003E0BB2 /* r6-lombardo-510-jacinto-pat-lombardo.json */ = {isa = PBXFileReference; fileEncoding = 4; lastKnownFileType = text.json; path = "r6-lombardo-510-jacinto-pat-lombardo.json"; sourceTree = "<group>"; };
		C89B25571D31A0A0003E0BB2 /* r5-miguel-hidalgo.json */ = {isa = PBXFileReference; fileEncoding = 4; lastKnownFileType = text.json; path = "r5-miguel-hidalgo.json"; sourceTree = "<group>"; };
		C89B25581D31A0A0003E0BB2 /* r4-tierra-maya.json */ = {isa = PBXFileReference; fileEncoding = 4; lastKnownFileType = text.json; path = "r4-tierra-maya.json"; sourceTree = "<group>"; };
		C89B25591D31A0A0003E0BB2 /* r2-villas-otoch.json */ = {isa = PBXFileReference; fileEncoding = 4; lastKnownFileType = text.json; path = "r2-villas-otoch.json"; sourceTree = "<group>"; };
		C89B25781D31D897003E0BB2 /* rutas.json */ = {isa = PBXFileReference; fileEncoding = 4; lastKnownFileType = text.json; path = rutas.json; sourceTree = "<group>"; };
		C89B257A1D31EA18003E0BB2 /* SelectRoutesTableViewController.swift */ = {isa = PBXFileReference; fileEncoding = 4; lastKnownFileType = sourcecode.swift; path = SelectRoutesTableViewController.swift; sourceTree = "<group>"; };
		C89B257C1D31EB35003E0BB2 /* SelectRouteTableViewCell.swift */ = {isa = PBXFileReference; fileEncoding = 4; lastKnownFileType = sourcecode.swift; path = SelectRouteTableViewCell.swift; sourceTree = "<group>"; };
		C89B257E1D320BAE003E0BB2 /* RadioButton.swift */ = {isa = PBXFileReference; fileEncoding = 4; lastKnownFileType = sourcecode.swift; path = RadioButton.swift; sourceTree = "<group>"; };
		C89C4ABA1D2AD7A00051D6B2 /* CunRoutes.app */ = {isa = PBXFileReference; explicitFileType = wrapper.application; includeInIndex = 0; path = CunRoutes.app; sourceTree = BUILT_PRODUCTS_DIR; };
		C89C4ABD1D2AD7A00051D6B2 /* AppDelegate.swift */ = {isa = PBXFileReference; lastKnownFileType = sourcecode.swift; path = AppDelegate.swift; sourceTree = "<group>"; };
		C89C4ABF1D2AD7A00051D6B2 /* ViewController.swift */ = {isa = PBXFileReference; lastKnownFileType = sourcecode.swift; path = ViewController.swift; sourceTree = "<group>"; };
		C89C4AC21D2AD7A00051D6B2 /* Base */ = {isa = PBXFileReference; lastKnownFileType = file.storyboard; name = Base; path = Base.lproj/Main.storyboard; sourceTree = "<group>"; };
		C89C4AC41D2AD7A00051D6B2 /* Assets.xcassets */ = {isa = PBXFileReference; lastKnownFileType = folder.assetcatalog; path = Assets.xcassets; sourceTree = "<group>"; };
		C89C4AC71D2AD7A00051D6B2 /* Base */ = {isa = PBXFileReference; lastKnownFileType = file.storyboard; name = Base; path = Base.lproj/LaunchScreen.storyboard; sourceTree = "<group>"; };
		C89C4AC91D2AD7A00051D6B2 /* Info.plist */ = {isa = PBXFileReference; lastKnownFileType = text.plist.xml; path = Info.plist; sourceTree = "<group>"; };
		C89CC7EA1D34960600419ACD /* WalkThroughViewController.swift */ = {isa = PBXFileReference; fileEncoding = 4; lastKnownFileType = sourcecode.swift; path = WalkThroughViewController.swift; sourceTree = "<group>"; };
		C89CC7EC1D3496FA00419ACD /* WalkthroughPageViewController.swift */ = {isa = PBXFileReference; fileEncoding = 4; lastKnownFileType = sourcecode.swift; path = WalkthroughPageViewController.swift; sourceTree = "<group>"; };
/* End PBXFileReference section */

/* Begin PBXFrameworksBuildPhase section */
		C89C4AB71D2AD7A00051D6B2 /* Frameworks */ = {
			isa = PBXFrameworksBuildPhase;
			buildActionMask = 2147483647;
			files = (
				FF12ED6E055AF2E9D480DD58 /* Pods_CunRoutes.framework in Frameworks */,
			);
			runOnlyForDeploymentPostprocessing = 0;
		};
/* End PBXFrameworksBuildPhase section */

/* Begin PBXGroup section */
		C880FAA71D2C2BA40032366A /* Routes */ = {
			isa = PBXGroup;
			children = (
				C89B25781D31D897003E0BB2 /* rutas.json */,
				C880FAA81D2C2BB00032366A /* r1-parque-rehoyada.json */,
				C811378C1D2C4B6B0075CDED /* r1-corales.json */,
				C811378E1D2C4CE30075CDED /* r1-ranchoviejo.json */,
				C87022AB1D2DB6500036851A /* r2-paseos-kabah.json */,
				C89B253C1D31A0A0003E0BB2 /* r237-domos.json */,
				C89B253D1D31A0A0003E0BB2 /* r97-99-las-torres-tulum-itzales-kiwii.json */,
				C89B253E1D31A0A0003E0BB2 /* r46-chedraui-villas-del-mar.json */,
				C89B253F1D31A0A0003E0BB2 /* r45-guadalupana-peten-lagos.json */,
				C89B25401D31A0A0003E0BB2 /* r44-prado-norte-nichupte.json */,
				C89B25411D31A0A0003E0BB2 /* r43-paraiso-maya.json */,
				C89B25421D31A0A0003E0BB2 /* r42-vista-real-portillo-kabah.json */,
				C89B25431D31A0A0003E0BB2 /* r41-palmas.json */,
				C89B25441D31A0A0003E0BB2 /* r39-foraneos.json */,
				C89B25451D31A0A0003E0BB2 /* r34-corales-mega-comercial-kabah.json */,
				C89B25461D31A0A0003E0BB2 /* r32-villas-otoch-portillo.json */,
				C89B25471D31A0A0003E0BB2 /* r30-villas-real-tulum.json */,
				C89B25481D31A0A0003E0BB2 /* r28-villas-otoch-tulum.json */,
				C89B25491D31A0A0003E0BB2 /* r27-villas-del-caribe.json */,
				C89B254A1D31A0A0003E0BB2 /* r21-kabah-tecnologico-ninos-heroes.json */,
				C89B254B1D31A0A0003E0BB2 /* r20-talleres.json */,
				C89B254C1D31A0A0003E0BB2 /* r18-nino-heroes-tulum.json */,
				C89B254D1D31A0A0003E0BB2 /* r16-leona-vicario-palmas.json */,
				C89B254E1D31A0A0003E0BB2 /* r16-leona-vicario-la-guadalupana.json */,
				C89B254F1D31A0A0003E0BB2 /* r15-zonahotelera-95-96.json */,
				C89B25501D31A0A0003E0BB2 /* r15-chichenitza.json */,
				C89B25511D31A0A0003E0BB2 /* r14-tres-reyes-rehoyada-crucero.json */,
				C89B25521D31A0A0003E0BB2 /* r14-tres-reyes-plaza-las-americas.json */,
				C89B25531D31A0A0003E0BB2 /* r14-haciendas-del-caribe.json */,
				C89B25541D31A0A0003E0BB2 /* r12-cecyte.json */,
				C89B25551D31A0A0003E0BB2 /* r11-corales-tecnologico.json */,
				C89B25561D31A0A0003E0BB2 /* r6-lombardo-510-jacinto-pat-lombardo.json */,
				C89B25571D31A0A0003E0BB2 /* r5-miguel-hidalgo.json */,
				C89B25581D31A0A0003E0BB2 /* r4-tierra-maya.json */,
				C89B25591D31A0A0003E0BB2 /* r2-villas-otoch.json */,
			);
			name = Routes;
			sourceTree = "<group>";
		};
		C89B25801D320BB2003E0BB2 /* Helpers */ = {
			isa = PBXGroup;
			children = (
				C89B257E1D320BAE003E0BB2 /* RadioButton.swift */,
			);
			name = Helpers;
			sourceTree = "<group>";
		};
		C89C4AB11D2AD7A00051D6B2 = {
			isa = PBXGroup;
			children = (
				C89C4ABC1D2AD7A00051D6B2 /* CunRoutes */,
				C89C4ABB1D2AD7A00051D6B2 /* Products */,
				F00BA3AE2D36A3513918EE69 /* Pods */,
				F375F68856C84736D51DF792 /* Frameworks */,
			);
			sourceTree = "<group>";
		};
		C89C4ABB1D2AD7A00051D6B2 /* Products */ = {
			isa = PBXGroup;
			children = (
				C89C4ABA1D2AD7A00051D6B2 /* CunRoutes.app */,
			);
			name = Products;
			sourceTree = "<group>";
		};
		C89C4ABC1D2AD7A00051D6B2 /* CunRoutes */ = {
			isa = PBXGroup;
			children = (
				C89B25801D320BB2003E0BB2 /* Helpers */,
				C880FAA71D2C2BA40032366A /* Routes */,
				C89C4ABD1D2AD7A00051D6B2 /* AppDelegate.swift */,
				C89C4ABF1D2AD7A00051D6B2 /* ViewController.swift */,
				C89B257A1D31EA18003E0BB2 /* SelectRoutesTableViewController.swift */,
				C89B257C1D31EB35003E0BB2 /* SelectRouteTableViewCell.swift */,
				C89CC7EC1D3496FA00419ACD /* WalkthroughPageViewController.swift */,
				C89CC7EA1D34960600419ACD /* WalkThroughViewController.swift */,
				C89C4AC11D2AD7A00051D6B2 /* Main.storyboard */,
				C89C4AC41D2AD7A00051D6B2 /* Assets.xcassets */,
				C89C4AC61D2AD7A00051D6B2 /* LaunchScreen.storyboard */,
				C89C4AC91D2AD7A00051D6B2 /* Info.plist */,
			);
			path = CunRoutes;
			sourceTree = "<group>";
		};
		F00BA3AE2D36A3513918EE69 /* Pods */ = {
			isa = PBXGroup;
			children = (
				061509A97BA4D2ED7BEA4F3E /* Pods-CunRoutes.debug.xcconfig */,
				48451E81507688DF38A9834B /* Pods-CunRoutes.release.xcconfig */,
			);
			name = Pods;
			sourceTree = "<group>";
		};
		F375F68856C84736D51DF792 /* Frameworks */ = {
			isa = PBXGroup;
			children = (
				75B7D517F7783ED6A109EBB3 /* Pods_CunRoutes.framework */,
			);
			name = Frameworks;
			sourceTree = "<group>";
		};
/* End PBXGroup section */

/* Begin PBXNativeTarget section */
		C89C4AB91D2AD7A00051D6B2 /* CunRoutes */ = {
			isa = PBXNativeTarget;
			buildConfigurationList = C89C4ACC1D2AD7A00051D6B2 /* Build configuration list for PBXNativeTarget "CunRoutes" */;
			buildPhases = (
				F8B12D8864F816CB122069FA /* [CP] Check Pods Manifest.lock */,
				C89C4AB61D2AD7A00051D6B2 /* Sources */,
				C89C4AB71D2AD7A00051D6B2 /* Frameworks */,
				C89C4AB81D2AD7A00051D6B2 /* Resources */,
				6CBB9ECBF318D499F0040E08 /* [CP] Embed Pods Frameworks */,
				735DDF9A59EC21B7B2C3774C /* [CP] Copy Pods Resources */,
			);
			buildRules = (
			);
			dependencies = (
			);
			name = CunRoutes;
			productName = CunRoutes;
			productReference = C89C4ABA1D2AD7A00051D6B2 /* CunRoutes.app */;
			productType = "com.apple.product-type.application";
		};
/* End PBXNativeTarget section */

/* Begin PBXProject section */
		C89C4AB21D2AD7A00051D6B2 /* Project object */ = {
			isa = PBXProject;
			attributes = {
				LastSwiftUpdateCheck = 0730;
				LastUpgradeCheck = 0730;
				ORGANIZATIONNAME = "Wilson Muñoz";
				TargetAttributes = {
					C89C4AB91D2AD7A00051D6B2 = {
						CreatedOnToolsVersion = 7.3.1;
						SystemCapabilities = {
							com.apple.Maps.iOS = {
								enabled = 0;
							};
						};
					};
				};
			};
			buildConfigurationList = C89C4AB51D2AD7A00051D6B2 /* Build configuration list for PBXProject "CunRoutes" */;
			compatibilityVersion = "Xcode 3.2";
			developmentRegion = English;
			hasScannedForEncodings = 0;
			knownRegions = (
				en,
				Base,
			);
			mainGroup = C89C4AB11D2AD7A00051D6B2;
			productRefGroup = C89C4ABB1D2AD7A00051D6B2 /* Products */;
			projectDirPath = "";
			projectRoot = "";
			targets = (
				C89C4AB91D2AD7A00051D6B2 /* CunRoutes */,
			);
		};
/* End PBXProject section */

/* Begin PBXResourcesBuildPhase section */
		C89C4AB81D2AD7A00051D6B2 /* Resources */ = {
			isa = PBXResourcesBuildPhase;
			buildActionMask = 2147483647;
			files = (
				C89B256F1D31A0A0003E0BB2 /* r14-tres-reyes-rehoyada-crucero.json in Resources */,
				C87022AC1D2DB6500036851A /* r2-paseos-kabah.json in Resources */,
				C89B25621D31A0A0003E0BB2 /* r39-foraneos.json in Resources */,
				C89C4AC81D2AD7A00051D6B2 /* LaunchScreen.storyboard in Resources */,
				C89B25611D31A0A0003E0BB2 /* r41-palmas.json in Resources */,
				C89B25681D31A0A0003E0BB2 /* r21-kabah-tecnologico-ninos-heroes.json in Resources */,
				C89B256A1D31A0A0003E0BB2 /* r18-nino-heroes-tulum.json in Resources */,
				C89B255C1D31A0A0003E0BB2 /* r46-chedraui-villas-del-mar.json in Resources */,
				C89B256D1D31A0A0003E0BB2 /* r15-zonahotelera-95-96.json in Resources */,
				C89B25711D31A0A0003E0BB2 /* r14-haciendas-del-caribe.json in Resources */,
				C89B25671D31A0A0003E0BB2 /* r27-villas-del-caribe.json in Resources */,
				C89B25631D31A0A0003E0BB2 /* r34-corales-mega-comercial-kabah.json in Resources */,
				C811378F1D2C4CE30075CDED /* r1-ranchoviejo.json in Resources */,
				C89C4AC51D2AD7A00051D6B2 /* Assets.xcassets in Resources */,
				C89B255B1D31A0A0003E0BB2 /* r97-99-las-torres-tulum-itzales-kiwii.json in Resources */,
				C89B25751D31A0A0003E0BB2 /* r5-miguel-hidalgo.json in Resources */,
				C89B25691D31A0A0003E0BB2 /* r20-talleres.json in Resources */,
				C89B25701D31A0A0003E0BB2 /* r14-tres-reyes-plaza-las-americas.json in Resources */,
				C89B25761D31A0A0003E0BB2 /* r4-tierra-maya.json in Resources */,
				C89B25661D31A0A0003E0BB2 /* r28-villas-otoch-tulum.json in Resources */,
				C89B256E1D31A0A0003E0BB2 /* r15-chichenitza.json in Resources */,
				C89B255A1D31A0A0003E0BB2 /* r237-domos.json in Resources */,
				C89B25651D31A0A0003E0BB2 /* r30-villas-real-tulum.json in Resources */,
				C880FAA91D2C2BB00032366A /* r1-parque-rehoyada.json in Resources */,
				C89B25721D31A0A0003E0BB2 /* r12-cecyte.json in Resources */,
				C89B255E1D31A0A0003E0BB2 /* r44-prado-norte-nichupte.json in Resources */,
				C89B25731D31A0A0003E0BB2 /* r11-corales-tecnologico.json in Resources */,
				C89C4AC31D2AD7A00051D6B2 /* Main.storyboard in Resources */,
				C89B255D1D31A0A0003E0BB2 /* r45-guadalupana-peten-lagos.json in Resources */,
				C89B256C1D31A0A0003E0BB2 /* r16-leona-vicario-la-guadalupana.json in Resources */,
				C89B255F1D31A0A0003E0BB2 /* r43-paraiso-maya.json in Resources */,
				C89B25791D31D897003E0BB2 /* rutas.json in Resources */,
				C811378D1D2C4B6B0075CDED /* r1-corales.json in Resources */,
				C89B256B1D31A0A0003E0BB2 /* r16-leona-vicario-palmas.json in Resources */,
				C89B25771D31A0A0003E0BB2 /* r2-villas-otoch.json in Resources */,
				C89B25601D31A0A0003E0BB2 /* r42-vista-real-portillo-kabah.json in Resources */,
				C89B25641D31A0A0003E0BB2 /* r32-villas-otoch-portillo.json in Resources */,
				C89B25741D31A0A0003E0BB2 /* r6-lombardo-510-jacinto-pat-lombardo.json in Resources */,
			);
			runOnlyForDeploymentPostprocessing = 0;
		};
/* End PBXResourcesBuildPhase section */

/* Begin PBXShellScriptBuildPhase section */
		6CBB9ECBF318D499F0040E08 /* [CP] Embed Pods Frameworks */ = {
			isa = PBXShellScriptBuildPhase;
			buildActionMask = 2147483647;
			files = (
			);
			inputPaths = (
			);
			name = "[CP] Embed Pods Frameworks";
			outputPaths = (
			);
			runOnlyForDeploymentPostprocessing = 0;
			shellPath = /bin/sh;
			shellScript = "\"${SRCROOT}/Pods/Target Support Files/Pods-CunRoutes/Pods-CunRoutes-frameworks.sh\"\n";
			showEnvVarsInLog = 0;
		};
		735DDF9A59EC21B7B2C3774C /* [CP] Copy Pods Resources */ = {
			isa = PBXShellScriptBuildPhase;
			buildActionMask = 2147483647;
			files = (
			);
			inputPaths = (
			);
			name = "[CP] Copy Pods Resources";
			outputPaths = (
			);
			runOnlyForDeploymentPostprocessing = 0;
			shellPath = /bin/sh;
			shellScript = "\"${SRCROOT}/Pods/Target Support Files/Pods-CunRoutes/Pods-CunRoutes-resources.sh\"\n";
			showEnvVarsInLog = 0;
		};
		F8B12D8864F816CB122069FA /* [CP] Check Pods Manifest.lock */ = {
			isa = PBXShellScriptBuildPhase;
			buildActionMask = 2147483647;
			files = (
			);
			inputPaths = (
			);
			name = "[CP] Check Pods Manifest.lock";
			outputPaths = (
			);
			runOnlyForDeploymentPostprocessing = 0;
			shellPath = /bin/sh;
			shellScript = "diff \"${PODS_ROOT}/../Podfile.lock\" \"${PODS_ROOT}/Manifest.lock\" > /dev/null\nif [[ $? != 0 ]] ; then\n    cat << EOM\nerror: The sandbox is not in sync with the Podfile.lock. Run 'pod install' or update your CocoaPods installation.\nEOM\n    exit 1\nfi\n";
			showEnvVarsInLog = 0;
		};
/* End PBXShellScriptBuildPhase section */

/* Begin PBXSourcesBuildPhase section */
		C89C4AB61D2AD7A00051D6B2 /* Sources */ = {
			isa = PBXSourcesBuildPhase;
			buildActionMask = 2147483647;
			files = (
				C89C4AC01D2AD7A00051D6B2 /* ViewController.swift in Sources */,
				C89B257B1D31EA18003E0BB2 /* SelectRoutesTableViewController.swift in Sources */,
				C89B257F1D320BAE003E0BB2 /* RadioButton.swift in Sources */,
				C89CC7EB1D34960600419ACD /* WalkThroughViewController.swift in Sources */,
				C89C4ABE1D2AD7A00051D6B2 /* AppDelegate.swift in Sources */,
				C89B257D1D31EB35003E0BB2 /* SelectRouteTableViewCell.swift in Sources */,
				C89CC7ED1D3496FA00419ACD /* WalkthroughPageViewController.swift in Sources */,
			);
			runOnlyForDeploymentPostprocessing = 0;
		};
/* End PBXSourcesBuildPhase section */

/* Begin PBXVariantGroup section */
		C89C4AC11D2AD7A00051D6B2 /* Main.storyboard */ = {
			isa = PBXVariantGroup;
			children = (
				C89C4AC21D2AD7A00051D6B2 /* Base */,
			);
			name = Main.storyboard;
			sourceTree = "<group>";
		};
		C89C4AC61D2AD7A00051D6B2 /* LaunchScreen.storyboard */ = {
			isa = PBXVariantGroup;
			children = (
				C89C4AC71D2AD7A00051D6B2 /* Base */,
			);
			name = LaunchScreen.storyboard;
			sourceTree = "<group>";
		};
/* End PBXVariantGroup section */

/* Begin XCBuildConfiguration section */
		C89C4ACA1D2AD7A00051D6B2 /* Debug */ = {
			isa = XCBuildConfiguration;
			buildSettings = {
				ALWAYS_SEARCH_USER_PATHS = NO;
				CLANG_ANALYZER_NONNULL = YES;
				CLANG_CXX_LANGUAGE_STANDARD = "gnu++0x";
				CLANG_CXX_LIBRARY = "libc++";
				CLANG_ENABLE_MODULES = YES;
				CLANG_ENABLE_OBJC_ARC = YES;
				CLANG_WARN_BOOL_CONVERSION = YES;
				CLANG_WARN_CONSTANT_CONVERSION = YES;
				CLANG_WARN_DIRECT_OBJC_ISA_USAGE = YES_ERROR;
				CLANG_WARN_EMPTY_BODY = YES;
				CLANG_WARN_ENUM_CONVERSION = YES;
				CLANG_WARN_INT_CONVERSION = YES;
				CLANG_WARN_OBJC_ROOT_CLASS = YES_ERROR;
				CLANG_WARN_UNREACHABLE_CODE = YES;
				CLANG_WARN__DUPLICATE_METHOD_MATCH = YES;
				"CODE_SIGN_IDENTITY[sdk=iphoneos*]" = "iPhone Developer";
				COPY_PHASE_STRIP = NO;
				DEBUG_INFORMATION_FORMAT = dwarf;
				ENABLE_STRICT_OBJC_MSGSEND = YES;
				ENABLE_TESTABILITY = YES;
				GCC_C_LANGUAGE_STANDARD = gnu99;
				GCC_DYNAMIC_NO_PIC = NO;
				GCC_NO_COMMON_BLOCKS = YES;
				GCC_OPTIMIZATION_LEVEL = 0;
				GCC_PREPROCESSOR_DEFINITIONS = (
					"DEBUG=1",
					"$(inherited)",
				);
				GCC_WARN_64_TO_32_BIT_CONVERSION = YES;
				GCC_WARN_ABOUT_RETURN_TYPE = YES_ERROR;
				GCC_WARN_UNDECLARED_SELECTOR = YES;
				GCC_WARN_UNINITIALIZED_AUTOS = YES_AGGRESSIVE;
				GCC_WARN_UNUSED_FUNCTION = YES;
				GCC_WARN_UNUSED_VARIABLE = YES;
				IPHONEOS_DEPLOYMENT_TARGET = 9.3;
				MTL_ENABLE_DEBUG_INFO = YES;
				ONLY_ACTIVE_ARCH = YES;
				SDKROOT = iphoneos;
				SWIFT_OPTIMIZATION_LEVEL = "-Onone";
				TARGETED_DEVICE_FAMILY = "1,2";
			};
			name = Debug;
		};
		C89C4ACB1D2AD7A00051D6B2 /* Release */ = {
			isa = XCBuildConfiguration;
			buildSettings = {
				ALWAYS_SEARCH_USER_PATHS = NO;
				CLANG_ANALYZER_NONNULL = YES;
				CLANG_CXX_LANGUAGE_STANDARD = "gnu++0x";
				CLANG_CXX_LIBRARY = "libc++";
				CLANG_ENABLE_MODULES = YES;
				CLANG_ENABLE_OBJC_ARC = YES;
				CLANG_WARN_BOOL_CONVERSION = YES;
				CLANG_WARN_CONSTANT_CONVERSION = YES;
				CLANG_WARN_DIRECT_OBJC_ISA_USAGE = YES_ERROR;
				CLANG_WARN_EMPTY_BODY = YES;
				CLANG_WARN_ENUM_CONVERSION = YES;
				CLANG_WARN_INT_CONVERSION = YES;
				CLANG_WARN_OBJC_ROOT_CLASS = YES_ERROR;
				CLANG_WARN_UNREACHABLE_CODE = YES;
				CLANG_WARN__DUPLICATE_METHOD_MATCH = YES;
				"CODE_SIGN_IDENTITY[sdk=iphoneos*]" = "iPhone Developer";
				COPY_PHASE_STRIP = NO;
				DEBUG_INFORMATION_FORMAT = "dwarf-with-dsym";
				ENABLE_NS_ASSERTIONS = NO;
				ENABLE_STRICT_OBJC_MSGSEND = YES;
				GCC_C_LANGUAGE_STANDARD = gnu99;
				GCC_NO_COMMON_BLOCKS = YES;
				GCC_WARN_64_TO_32_BIT_CONVERSION = YES;
				GCC_WARN_ABOUT_RETURN_TYPE = YES_ERROR;
				GCC_WARN_UNDECLARED_SELECTOR = YES;
				GCC_WARN_UNINITIALIZED_AUTOS = YES_AGGRESSIVE;
				GCC_WARN_UNUSED_FUNCTION = YES;
				GCC_WARN_UNUSED_VARIABLE = YES;
				IPHONEOS_DEPLOYMENT_TARGET = 9.3;
				MTL_ENABLE_DEBUG_INFO = NO;
				SDKROOT = iphoneos;
				TARGETED_DEVICE_FAMILY = "1,2";
				VALIDATE_PRODUCT = YES;
			};
			name = Release;
		};
		C89C4ACD1D2AD7A00051D6B2 /* Debug */ = {
			isa = XCBuildConfiguration;
			baseConfigurationReference = 061509A97BA4D2ED7BEA4F3E /* Pods-CunRoutes.debug.xcconfig */;
			buildSettings = {
				ASSETCATALOG_COMPILER_APPICON_NAME = AppIcon;
				CODE_SIGN_IDENTITY = "iPhone Developer";
				INFOPLIST_FILE = CunRoutes/Info.plist;
				LD_RUNPATH_SEARCH_PATHS = "$(inherited) @executable_path/Frameworks";
				PRODUCT_BUNDLE_IDENTIFIER = net.wilsonmunoz.CunRoutes;
				PRODUCT_NAME = "$(TARGET_NAME)";
				PROVISIONING_PROFILE = "b26a4b8a-64f0-43f7-8dd8-09d5fcddc116";
				TARGETED_DEVICE_FAMILY = "1,2";
			};
			name = Debug;
		};
		C89C4ACE1D2AD7A00051D6B2 /* Release */ = {
			isa = XCBuildConfiguration;
			baseConfigurationReference = 48451E81507688DF38A9834B /* Pods-CunRoutes.release.xcconfig */;
			buildSettings = {
				ASSETCATALOG_COMPILER_APPICON_NAME = AppIcon;
				CODE_SIGN_IDENTITY = "iPhone Developer";
				INFOPLIST_FILE = CunRoutes/Info.plist;
				LD_RUNPATH_SEARCH_PATHS = "$(inherited) @executable_path/Frameworks";
				PRODUCT_BUNDLE_IDENTIFIER = net.wilsonmunoz.CunRoutes;
				PRODUCT_NAME = "$(TARGET_NAME)";
				PROVISIONING_PROFILE = "b26a4b8a-64f0-43f7-8dd8-09d5fcddc116";
				TARGETED_DEVICE_FAMILY = "1,2";
			};
			name = Release;
		};
/* End XCBuildConfiguration section */

/* Begin XCConfigurationList section */
		C89C4AB51D2AD7A00051D6B2 /* Build configuration list for PBXProject "CunRoutes" */ = {
			isa = XCConfigurationList;
			buildConfigurations = (
				C89C4ACA1D2AD7A00051D6B2 /* Debug */,
				C89C4ACB1D2AD7A00051D6B2 /* Release */,
			);
			defaultConfigurationIsVisible = 0;
			defaultConfigurationName = Release;
		};
		C89C4ACC1D2AD7A00051D6B2 /* Build configuration list for PBXNativeTarget "CunRoutes" */ = {
			isa = XCConfigurationList;
			buildConfigurations = (
				C89C4ACD1D2AD7A00051D6B2 /* Debug */,
				C89C4ACE1D2AD7A00051D6B2 /* Release */,
			);
			defaultConfigurationIsVisible = 0;
			defaultConfigurationName = Release;
		};
/* End XCConfigurationList section */
	};
	rootObject = C89C4AB21D2AD7A00051D6B2 /* Project object */;
}
